
Microsoft Visual Studio Solution File, Format Version 12.00
# Visual Studio 15
VisualStudioVersion = 15.0.27428.1
MinimumVisualStudioVersion = 10.0.40219.1
Project("{FAE04EC0-301F-11D3-BF4B-00C04F79EFBC}") = "SegaMega", "SegaMega\SegaMega.csproj", "{090F9460-D6BD-4542-B46C-FE6BAB13EFAE}"
EndProject
Global
	GlobalSection(SolutionConfigurationPlatforms) = preSolution
		Debug|Any CPU = Debug|Any CPU
		Release|Any CPU = Release|Any CPU
	EndGlobalSection
	GlobalSection(ProjectConfigurationPlatforms) = postSolution
		{090F9460-D6BD-4542-B46C-FE6BAB13EFAE}.Debug|Any CPU.ActiveCfg = Debug|Any CPU
		{090F9460-D6BD-4542-B46C-FE6BAB13EFAE}.Debug|Any CPU.Build.0 = Debug|Any CPU
		{090F9460-D6BD-4542-B46C-FE6BAB13EFAE}.Release|Any CPU.ActiveCfg = Release|Any CPU
		{090F9460-D6BD-4542-B46C-FE6BAB13EFAE}.Release|Any CPU.Build.0 = Release|Any CPU
	EndGlobalSection
	GlobalSection(SolutionProperties) = preSolution
		HideSolutionNode = FALSE
	EndGlobalSection
	GlobalSection(ExtensibilityGlobals) = postSolution
		SolutionGuid = {55646CBA-D81B-4B3A-B06B-D46A32B28E31}
	EndGlobalSection
EndGlobal
